// !$*UTF8*$!
{
	archiveVersion = 1;
	classes = {
	};
	objectVersion = 56;
	objects = {

/* Begin PBXBuildFile section */
		1633FD302A63DB16005D292B /* KWK_esteeApp.swift in Sources */ = {isa = PBXBuildFile; fileRef = 1633FD2F2A63DB16005D292B /* KWK_esteeApp.swift */; };
		1633FD322A63DB16005D292B /* ContentView.swift in Sources */ = {isa = PBXBuildFile; fileRef = 1633FD312A63DB16005D292B /* ContentView.swift */; };
		1633FD372A63DB17005D292B /* Preview Assets.xcassets in Resources */ = {isa = PBXBuildFile; fileRef = 1633FD362A63DB17005D292B /* Preview Assets.xcassets */; };
		1633FD3E2A63DBC1005D292B /* LaunchScreen.storyboard in Resources */ = {isa = PBXBuildFile; fileRef = 1633FD3D2A63DBC1005D292B /* LaunchScreen.storyboard */; };
		1633FD402A63DBE1005D292B /* launchScreenAnimation.swift in Sources */ = {isa = PBXBuildFile; fileRef = 1633FD3F2A63DBE1005D292B /* launchScreenAnimation.swift */; };
		1633FD422A63DC3A005D292B /* productInfo.swift in Sources */ = {isa = PBXBuildFile; fileRef = 1633FD412A63DC3A005D292B /* productInfo.swift */; };
		1653F4542A645C2700925139 /* Assets.xcassets in Resources */ = {isa = PBXBuildFile; fileRef = 1653F4532A645C2700925139 /* Assets.xcassets */; };
		1653F4562A65A0B100925139 /* oldHomePage.swift in Sources */ = {isa = PBXBuildFile; fileRef = 1653F4552A65A0B100925139 /* oldHomePage.swift */; };
		1685E02D2A65E65A00875A00 /* AkzidenzGroteskBQ-Reg.ttf in Resources */ = {isa = PBXBuildFile; fileRef = 1685E02B2A65DDBD00875A00 /* AkzidenzGroteskBQ-Reg.ttf */; };
		1685E02E2A65E65E00875A00 /* AkzidenzGroteskBQ-Bold.ttf in Resources */ = {isa = PBXBuildFile; fileRef = 1685E02C2A65DDC600875A00 /* AkzidenzGroteskBQ-Bold.ttf */; };
		1685E0322A65F0E500875A00 /* learnMore.swift in Sources */ = {isa = PBXBuildFile; fileRef = 1685E0312A65F0E500875A00 /* learnMore.swift */; };
/* End PBXBuildFile section */

/* Begin PBXFileReference section */
		1633FD2C2A63DB16005D292B /* KWK-estee.app */ = {isa = PBXFileReference; explicitFileType = wrapper.application; includeInIndex = 0; path = "KWK-estee.app"; sourceTree = BUILT_PRODUCTS_DIR; };
		1633FD2F2A63DB16005D292B /* KWK_esteeApp.swift */ = {isa = PBXFileReference; lastKnownFileType = sourcecode.swift; path = KWK_esteeApp.swift; sourceTree = "<group>"; };
		1633FD312A63DB16005D292B /* ContentView.swift */ = {isa = PBXFileReference; lastKnownFileType = sourcecode.swift; path = ContentView.swift; sourceTree = "<group>"; };
		1633FD362A63DB17005D292B /* Preview Assets.xcassets */ = {isa = PBXFileReference; lastKnownFileType = folder.assetcatalog; path = "Preview Assets.xcassets"; sourceTree = "<group>"; };
		1633FD3D2A63DBC1005D292B /* LaunchScreen.storyboard */ = {isa = PBXFileReference; lastKnownFileType = file.storyboard; path = LaunchScreen.storyboard; sourceTree = "<group>"; };
		1633FD3F2A63DBE1005D292B /* launchScreenAnimation.swift */ = {isa = PBXFileReference; lastKnownFileType = sourcecode.swift; path = launchScreenAnimation.swift; sourceTree = "<group>"; };
		1633FD412A63DC3A005D292B /* productInfo.swift */ = {isa = PBXFileReference; lastKnownFileType = sourcecode.swift; path = productInfo.swift; sourceTree = "<group>"; };
		1653F4532A645C2700925139 /* Assets.xcassets */ = {isa = PBXFileReference; lastKnownFileType = folder.assetcatalog; path = Assets.xcassets; sourceTree = "<group>"; };
		1653F4552A65A0B100925139 /* oldHomePage.swift */ = {isa = PBXFileReference; lastKnownFileType = sourcecode.swift; path = oldHomePage.swift; sourceTree = "<group>"; };
		1685E02B2A65DDBD00875A00 /* AkzidenzGroteskBQ-Reg.ttf */ = {isa = PBXFileReference; lastKnownFileType = file; name = "AkzidenzGroteskBQ-Reg.ttf"; path = "../../../Downloads/AkzidenzGroteskBQ-Reg.ttf"; sourceTree = "<group>"; };
		1685E02C2A65DDC600875A00 /* AkzidenzGroteskBQ-Bold.ttf */ = {isa = PBXFileReference; lastKnownFileType = file; name = "AkzidenzGroteskBQ-Bold.ttf"; path = "../../../Downloads/AkzidenzGroteskBQ-Bold.ttf"; sourceTree = "<group>"; };
		1685E0312A65F0E500875A00 /* learnMore.swift */ = {isa = PBXFileReference; lastKnownFileType = sourcecode.swift; path = learnMore.swift; sourceTree = "<group>"; };
/* End PBXFileReference section */

/* Begin PBXFrameworksBuildPhase section */
		1633FD292A63DB16005D292B /* Frameworks */ = {
			isa = PBXFrameworksBuildPhase;
			buildActionMask = 2147483647;
			files = (
			);
			runOnlyForDeploymentPostprocessing = 0;
		};
/* End PBXFrameworksBuildPhase section */

/* Begin PBXGroup section */
		1633FD232A63DB16005D292B = {
			isa = PBXGroup;
			children = (
				1633FD2E2A63DB16005D292B /* KWK-estee */,
				1633FD2D2A63DB16005D292B /* Products */,
			);
			sourceTree = "<group>";
		};
		1633FD2D2A63DB16005D292B /* Products */ = {
			isa = PBXGroup;
			children = (
				1633FD2C2A63DB16005D292B /* KWK-estee.app */,
			);
			name = Products;
			sourceTree = "<group>";
		};
		1633FD2E2A63DB16005D292B /* KWK-estee */ = {
			isa = PBXGroup;
			children = (
				1633FD2F2A63DB16005D292B /* KWK_esteeApp.swift */,
				1633FD442A63DF9F005D292B /* LAUNCH-SCREEN */,
				1633FD312A63DB16005D292B /* ContentView.swift */,
				1685E0312A65F0E500875A00 /* learnMore.swift */,
				1653F4552A65A0B100925139 /* oldHomePage.swift */,
				1633FD412A63DC3A005D292B /* productInfo.swift */,
				1633FD352A63DB17005D292B /* Preview Content */,
				1653F4532A645C2700925139 /* Assets.xcassets */,
				1685E02B2A65DDBD00875A00 /* AkzidenzGroteskBQ-Reg.ttf */,
				1685E02C2A65DDC600875A00 /* AkzidenzGroteskBQ-Bold.ttf */,
			);
			path = "KWK-estee";
			sourceTree = "<group>";
		};
		1633FD352A63DB17005D292B /* Preview Content */ = {
			isa = PBXGroup;
			children = (
				1633FD362A63DB17005D292B /* Preview Assets.xcassets */,
			);
			path = "Preview Content";
			sourceTree = "<group>";
		};
		1633FD442A63DF9F005D292B /* LAUNCH-SCREEN */ = {
			isa = PBXGroup;
			children = (
				1633FD3F2A63DBE1005D292B /* launchScreenAnimation.swift */,
				1633FD3D2A63DBC1005D292B /* LaunchScreen.storyboard */,
			);
			path = "LAUNCH-SCREEN";
			sourceTree = "<group>";
		};
/* End PBXGroup section */

/* Begin PBXNativeTarget section */
		1633FD2B2A63DB16005D292B /* KWK-estee */ = {
			isa = PBXNativeTarget;
			buildConfigurationList = 1633FD3A2A63DB17005D292B /* Build configuration list for PBXNativeTarget "KWK-estee" */;
			buildPhases = (
				1633FD282A63DB16005D292B /* Sources */,
				1633FD292A63DB16005D292B /* Frameworks */,
				1633FD2A2A63DB16005D292B /* Resources */,
			);
			buildRules = (
			);
			dependencies = (
			);
			name = "KWK-estee";
			productName = "KWK-estee";
			productReference = 1633FD2C2A63DB16005D292B /* KWK-estee.app */;
			productType = "com.apple.product-type.application";
		};
/* End PBXNativeTarget section */

/* Begin PBXProject section */
		1633FD242A63DB16005D292B /* Project object */ = {
			isa = PBXProject;
			attributes = {
				BuildIndependentTargetsInParallel = 1;
				LastSwiftUpdateCheck = 1430;
				LastUpgradeCheck = 1430;
				TargetAttributes = {
					1633FD2B2A63DB16005D292B = {
						CreatedOnToolsVersion = 14.3.1;
					};
				};
			};
			buildConfigurationList = 1633FD272A63DB16005D292B /* Build configuration list for PBXProject "KWK-estee" */;
			compatibilityVersion = "Xcode 14.0";
			developmentRegion = en;
			hasScannedForEncodings = 0;
			knownRegions = (
				en,
				Base,
			);
			mainGroup = 1633FD232A63DB16005D292B;
			productRefGroup = 1633FD2D2A63DB16005D292B /* Products */;
			projectDirPath = "";
			projectRoot = "";
			targets = (
				1633FD2B2A63DB16005D292B /* KWK-estee */,
			);
		};
/* End PBXProject section */

/* Begin PBXResourcesBuildPhase section */
		1633FD2A2A63DB16005D292B /* Resources */ = {
			isa = PBXResourcesBuildPhase;
			buildActionMask = 2147483647;
			files = (
				1633FD372A63DB17005D292B /* Preview Assets.xcassets in Resources */,
				1653F4542A645C2700925139 /* Assets.xcassets in Resources */,
				1685E02D2A65E65A00875A00 /* AkzidenzGroteskBQ-Reg.ttf in Resources */,
				1633FD3E2A63DBC1005D292B /* LaunchScreen.storyboard in Resources */,
				1685E02E2A65E65E00875A00 /* AkzidenzGroteskBQ-Bold.ttf in Resources */,
			);
			runOnlyForDeploymentPostprocessing = 0;
		};
/* End PBXResourcesBuildPhase section */

/* Begin PBXSourcesBuildPhase section */
		1633FD282A63DB16005D292B /* Sources */ = {
			isa = PBXSourcesBuildPhase;
			buildActionMask = 2147483647;
			files = (
				1653F4562A65A0B100925139 /* oldHomePage.swift in Sources */,
				1685E0322A65F0E500875A00 /* learnMore.swift in Sources */,
				1633FD402A63DBE1005D292B /* launchScreenAnimation.swift in Sources */,
				1633FD422A63DC3A005D292B /* productInfo.swift in Sources */,
				1633FD322A63DB16005D292B /* ContentView.swift in Sources */,
				1633FD302A63DB16005D292B /* KWK_esteeApp.swift in Sources */,
			);
			runOnlyForDeploymentPostprocessing = 0;
		};
/* End PBXSourcesBuildPhase section */

/* Begin XCBuildConfiguration section */
		1633FD382A63DB17005D292B /* Debug */ = {
			isa = XCBuildConfiguration;
			buildSettings = {
				ALWAYS_SEARCH_USER_PATHS = NO;
				CLANG_ANALYZER_NONNULL = YES;
				CLANG_ANALYZER_NUMBER_OBJECT_CONVERSION = YES_AGGRESSIVE;
				CLANG_CXX_LANGUAGE_STANDARD = "gnu++20";
				CLANG_ENABLE_MODULES = YES;
				CLANG_ENABLE_OBJC_ARC = YES;
				CLANG_ENABLE_OBJC_WEAK = YES;
				CLANG_WARN_BLOCK_CAPTURE_AUTORELEASING = YES;
				CLANG_WARN_BOOL_CONVERSION = YES;
				CLANG_WARN_COMMA = YES;
				CLANG_WARN_CONSTANT_CONVERSION = YES;
				CLANG_WARN_DEPRECATED_OBJC_IMPLEMENTATIONS = YES;
				CLANG_WARN_DIRECT_OBJC_ISA_USAGE = YES_ERROR;
				CLANG_WARN_DOCUMENTATION_COMMENTS = YES;
				CLANG_WARN_EMPTY_BODY = YES;
				CLANG_WARN_ENUM_CONVERSION = YES;
				CLANG_WARN_INFINITE_RECURSION = YES;
				CLANG_WARN_INT_CONVERSION = YES;
				CLANG_WARN_NON_LITERAL_NULL_CONVERSION = YES;
				CLANG_WARN_OBJC_IMPLICIT_RETAIN_SELF = YES;
				CLANG_WARN_OBJC_LITERAL_CONVERSION = YES;
				CLANG_WARN_OBJC_ROOT_CLASS = YES_ERROR;
				CLANG_WARN_QUOTED_INCLUDE_IN_FRAMEWORK_HEADER = YES;
				CLANG_WARN_RANGE_LOOP_ANALYSIS = YES;
				CLANG_WARN_STRICT_PROTOTYPES = YES;
				CLANG_WARN_SUSPICIOUS_MOVE = YES;
				CLANG_WARN_UNGUARDED_AVAILABILITY = YES_AGGRESSIVE;
				CLANG_WARN_UNREACHABLE_CODE = YES;
				CLANG_WARN__DUPLICATE_METHOD_MATCH = YES;
				COPY_PHASE_STRIP = NO;
				DEBUG_INFORMATION_FORMAT = dwarf;
				ENABLE_STRICT_OBJC_MSGSEND = YES;
				ENABLE_TESTABILITY = YES;
				GCC_C_LANGUAGE_STANDARD = gnu11;
				GCC_DYNAMIC_NO_PIC = NO;
				GCC_NO_COMMON_BLOCKS = YES;
				GCC_OPTIMIZATION_LEVEL = 0;
				GCC_PREPROCESSOR_DEFINITIONS = (
					"DEBUG=1",
					"$(inherited)",
				);
				GCC_WARN_64_TO_32_BIT_CONVERSION = YES;
				GCC_WARN_ABOUT_RETURN_TYPE = YES_ERROR;
				GCC_WARN_UNDECLARED_SELECTOR = YES;
				GCC_WARN_UNINITIALIZED_AUTOS = YES_AGGRESSIVE;
				GCC_WARN_UNUSED_FUNCTION = YES;
				GCC_WARN_UNUSED_VARIABLE = YES;
				IPHONEOS_DEPLOYMENT_TARGET = 16.4;
				MTL_ENABLE_DEBUG_INFO = INCLUDE_SOURCE;
				MTL_FAST_MATH = YES;
				ONLY_ACTIVE_ARCH = YES;
				SDKROOT = iphoneos;
				SWIFT_ACTIVE_COMPILATION_CONDITIONS = DEBUG;
				SWIFT_OPTIMIZATION_LEVEL = "-Onone";
			};
			name = Debug;
		};
		1633FD392A63DB17005D292B /* Release */ = {
			isa = XCBuildConfiguration;
			buildSettings = {
				ALWAYS_SEARCH_USER_PATHS = NO;
				CLANG_ANALYZER_NONNULL = YES;
				CLANG_ANALYZER_NUMBER_OBJECT_CONVERSION = YES_AGGRESSIVE;
				CLANG_CXX_LANGUAGE_STANDARD = "gnu++20";
				CLANG_ENABLE_MODULES = YES;
				CLANG_ENABLE_OBJC_ARC = YES;
				CLANG_ENABLE_OBJC_WEAK = YES;
				CLANG_WARN_BLOCK_CAPTURE_AUTORELEASING = YES;
				CLANG_WARN_BOOL_CONVERSION = YES;
				CLANG_WARN_COMMA = YES;
				CLANG_WARN_CONSTANT_CONVERSION = YES;
				CLANG_WARN_DEPRECATED_OBJC_IMPLEMENTATIONS = YES;
				CLANG_WARN_DIRECT_OBJC_ISA_USAGE = YES_ERROR;
				CLANG_WARN_DOCUMENTATION_COMMENTS = YES;
				CLANG_WARN_EMPTY_BODY = YES;
				CLANG_WARN_ENUM_CONVERSION = YES;
				CLANG_WARN_INFINITE_RECURSION = YES;
				CLANG_WARN_INT_CONVERSION = YES;
				CLANG_WARN_NON_LITERAL_NULL_CONVERSION = YES;
				CLANG_WARN_OBJC_IMPLICIT_RETAIN_SELF = YES;
				CLANG_WARN_OBJC_LITERAL_CONVERSION = YES;
				CLANG_WARN_OBJC_ROOT_CLASS = YES_ERROR;
				CLANG_WARN_QUOTED_INCLUDE_IN_FRAMEWORK_HEADER = YES;
				CLANG_WARN_RANGE_LOOP_ANALYSIS = YES;
				CLANG_WARN_STRICT_PROTOTYPES = YES;
				CLANG_WARN_SUSPICIOUS_MOVE = YES;
				CLANG_WARN_UNGUARDED_AVAILABILITY = YES_AGGRESSIVE;
				CLANG_WARN_UNREACHABLE_CODE = YES;
				CLANG_WARN__DUPLICATE_METHOD_MATCH = YES;
				COPY_PHASE_STRIP = NO;
				DEBUG_INFORMATION_FORMAT = "dwarf-with-dsym";
				ENABLE_NS_ASSERTIONS = NO;
				ENABLE_STRICT_OBJC_MSGSEND = YES;
				GCC_C_LANGUAGE_STANDARD = gnu11;
				GCC_NO_COMMON_BLOCKS = YES;
				GCC_WARN_64_TO_32_BIT_CONVERSION = YES;
				GCC_WARN_ABOUT_RETURN_TYPE = YES_ERROR;
				GCC_WARN_UNDECLARED_SELECTOR = YES;
				GCC_WARN_UNINITIALIZED_AUTOS = YES_AGGRESSIVE;
				GCC_WARN_UNUSED_FUNCTION = YES;
				GCC_WARN_UNUSED_VARIABLE = YES;
				IPHONEOS_DEPLOYMENT_TARGET = 16.4;
				MTL_ENABLE_DEBUG_INFO = NO;
				MTL_FAST_MATH = YES;
				SDKROOT = iphoneos;
				SWIFT_COMPILATION_MODE = wholemodule;
				SWIFT_OPTIMIZATION_LEVEL = "-O";
				VALIDATE_PRODUCT = YES;
			};
			name = Release;
		};
		1633FD3B2A63DB17005D292B /* Debug */ = {
			isa = XCBuildConfiguration;
			buildSettings = {
				ASSETCATALOG_COMPILER_APPICON_NAME = AppIcon;
				ASSETCATALOG_COMPILER_GLOBAL_ACCENT_COLOR_NAME = AccentColor;
				CODE_SIGN_STYLE = Automatic;
				CURRENT_PROJECT_VERSION = 1;
				DEVELOPMENT_ASSET_PATHS = "\"KWK-estee/Preview Content\"";
				DEVELOPMENT_TEAM = SQHYT9A7D4;
				ENABLE_PREVIEWS = YES;
				GENERATE_INFOPLIST_FILE = YES;
				INFOPLIST_KEY_UIApplicationSceneManifest_Generation = YES;
				INFOPLIST_KEY_UIApplicationSupportsIndirectInputEvents = YES;
				INFOPLIST_KEY_UILaunchScreen_Generation = YES;
				INFOPLIST_KEY_UISupportedInterfaceOrientations_iPad = "UIInterfaceOrientationPortrait UIInterfaceOrientationPortraitUpsideDown UIInterfaceOrientationLandscapeLeft UIInterfaceOrientationLandscapeRight";
				INFOPLIST_KEY_UISupportedInterfaceOrientations_iPhone = "UIInterfaceOrientationPortrait UIInterfaceOrientationLandscapeLeft UIInterfaceOrientationLandscapeRight";
				LD_RUNPATH_SEARCH_PATHS = (
					"$(inherited)",
					"@executable_path/Frameworks",
				);
				MARKETING_VERSION = 1.0;
				PRODUCT_BUNDLE_IDENTIFIER = "p.KWK-estee";
				PRODUCT_NAME = "$(TARGET_NAME)";
				SWIFT_EMIT_LOC_STRINGS = YES;
				SWIFT_VERSION = 5.0;
				TARGETED_DEVICE_FAMILY = "1,2";
			};
			name = Debug;
		};
		1633FD3C2A63DB17005D292B /* Release */ = {
			isa = XCBuildConfiguration;
			buildSettings = {
				ASSETCATALOG_COMPILER_APPICON_NAME = AppIcon;
				ASSETCATALOG_COMPILER_GLOBAL_ACCENT_COLOR_NAME = AccentColor;
				CODE_SIGN_STYLE = Automatic;
				CURRENT_PROJECT_VERSION = 1;
				DEVELOPMENT_ASSET_PATHS = "\"KWK-estee/Preview Content\"";
				DEVELOPMENT_TEAM = SQHYT9A7D4;
				ENABLE_PREVIEWS = YES;
				GENERATE_INFOPLIST_FILE = YES;
				INFOPLIST_KEY_UIApplicationSceneManifest_Generation = YES;
				INFOPLIST_KEY_UIApplicationSupportsIndirectInputEvents = YES;
				INFOPLIST_KEY_UILaunchScreen_Generation = YES;
				INFOPLIST_KEY_UISupportedInterfaceOrientations_iPad = "UIInterfaceOrientationPortrait UIInterfaceOrientationPortraitUpsideDown UIInterfaceOrientationLandscapeLeft UIInterfaceOrientationLandscapeRight";
				INFOPLIST_KEY_UISupportedInterfaceOrientations_iPhone = "UIInterfaceOrientationPortrait UIInterfaceOrientationLandscapeLeft UIInterfaceOrientationLandscapeRight";
				LD_RUNPATH_SEARCH_PATHS = (
					"$(inherited)",
					"@executable_path/Frameworks",
				);
				MARKETING_VERSION = 1.0;
				PRODUCT_BUNDLE_IDENTIFIER = "p.KWK-estee";
				PRODUCT_NAME = "$(TARGET_NAME)";
				SWIFT_EMIT_LOC_STRINGS = YES;
				SWIFT_VERSION = 5.0;
				TARGETED_DEVICE_FAMILY = "1,2";
			};
			name = Release;
		};
/* End XCBuildConfiguration section */

/* Begin XCConfigurationList section */
		1633FD272A63DB16005D292B /* Build configuration list for PBXProject "KWK-estee" */ = {
			isa = XCConfigurationList;
			buildConfigurations = (
				1633FD382A63DB17005D292B /* Debug */,
				1633FD392A63DB17005D292B /* Release */,
			);
			defaultConfigurationIsVisible = 0;
			defaultConfigurationName = Release;
		};
		1633FD3A2A63DB17005D292B /* Build configuration list for PBXNativeTarget "KWK-estee" */ = {
			isa = XCConfigurationList;
			buildConfigurations = (
				1633FD3B2A63DB17005D292B /* Debug */,
				1633FD3C2A63DB17005D292B /* Release */,
			);
			defaultConfigurationIsVisible = 0;
			defaultConfigurationName = Release;
		};
/* End XCConfigurationList section */
	};
	rootObject = 1633FD242A63DB16005D292B /* Project object */;
}
